
Microsoft Visual Studio Solution File, Format Version 12.00
# Visual Studio 15
VisualStudioVersion = 15.0.28307.136
MinimumVisualStudioVersion = 10.0.40219.1
Project("{8BC9CEB8-8B4A-11D0-8D11-00A0C91BC942}") = "RunTimeDllClient", "RunTimeDllClient\RunTimeDllClient.vcxproj", "{B535C7BC-FCB7-450C-A54A-EAD2D7C280E8}"
EndProject
Global
	GlobalSection(SolutionConfigurationPlatforms) = preSolution
		Debug|x64 = Debug|x64
		Debug|x86 = Debug|x86
		Release|x64 = Release|x64
		Release|x86 = Release|x86
	EndGlobalSection
	GlobalSection(ProjectConfigurationPlatforms) = postSolution
		{B535C7BC-FCB7-450C-A54A-EAD2D7C280E8}.Debug|x64.ActiveCfg = Debug|x64
		{B535C7BC-FCB7-450C-A54A-EAD2D7C280E8}.Debug|x64.Build.0 = Debug|x64
		{B535C7BC-FCB7-450C-A54A-EAD2D7C280E8}.Debug|x86.ActiveCfg = Debug|Win32
		{B535C7BC-FCB7-450C-A54A-EAD2D7C280E8}.Debug|x86.Build.0 = Debug|Win32
		{B535C7BC-FCB7-450C-A54A-EAD2D7C280E8}.Release|x64.ActiveCfg = Release|x64
		{B535C7BC-FCB7-450C-A54A-EAD2D7C280E8}.Release|x64.Build.0 = Release|x64
		{B535C7BC-FCB7-450C-A54A-EAD2D7C280E8}.Release|x86.ActiveCfg = Release|Win32
		{B535C7BC-FCB7-450C-A54A-EAD2D7C280E8}.Release|x86.Build.0 = Release|Win32
	EndGlobalSection
	GlobalSection(SolutionProperties) = preSolution
		HideSolutionNode = FALSE
	EndGlobalSection
	GlobalSection(ExtensibilityGlobals) = postSolution
		SolutionGuid = {668762B1-B478-4865-B55F-99C58DDB9EA2}
	EndGlobalSection
EndGlobal
